// !$*UTF8*$!
{
	archiveVersion = 1;
	classes = {
	};
	objectVersion = 56;
	objects = {

/* Begin PBXBuildFile section */
		3D36114D2A9F3D8300AE864A /* ReactiveProgrammingExamplesApp.swift in Sources */ = {isa = PBXBuildFile; fileRef = 3D36114C2A9F3D8300AE864A /* ReactiveProgrammingExamplesApp.swift */; };
		3D36114F2A9F3D8300AE864A /* ContentView.swift in Sources */ = {isa = PBXBuildFile; fileRef = 3D36114E2A9F3D8300AE864A /* ContentView.swift */; };
		3D3611512A9F3D8400AE864A /* Assets.xcassets in Resources */ = {isa = PBXBuildFile; fileRef = 3D3611502A9F3D8400AE864A /* Assets.xcassets */; };
		3D3611542A9F3D8400AE864A /* Preview Assets.xcassets in Resources */ = {isa = PBXBuildFile; fileRef = 3D3611532A9F3D8400AE864A /* Preview Assets.xcassets */; };
		3D36115D2A9F3F7B00AE864A /* CombineSingleFieldView.swift in Sources */ = {isa = PBXBuildFile; fileRef = 3D36115C2A9F3F7B00AE864A /* CombineSingleFieldView.swift */; };
		3D36115F2A9F478D00AE864A /* CombineMultipleFieldView.swift in Sources */ = {isa = PBXBuildFile; fileRef = 3D36115E2A9F478D00AE864A /* CombineMultipleFieldView.swift */; };
		3D3611612A9F5D5200AE864A /* CombineUserInputView.swift in Sources */ = {isa = PBXBuildFile; fileRef = 3D3611602A9F5D5200AE864A /* CombineUserInputView.swift */; };
		3D3611632A9FCD1F00AE864A /* CombineInputValidationView.swift in Sources */ = {isa = PBXBuildFile; fileRef = 3D3611622A9FCD1F00AE864A /* CombineInputValidationView.swift */; };
/* End PBXBuildFile section */

/* Begin PBXFileReference section */
		3D3611492A9F3D8300AE864A /* ReactiveProgrammingExamples.app */ = {isa = PBXFileReference; explicitFileType = wrapper.application; includeInIndex = 0; path = ReactiveProgrammingExamples.app; sourceTree = BUILT_PRODUCTS_DIR; };
		3D36114C2A9F3D8300AE864A /* ReactiveProgrammingExamplesApp.swift */ = {isa = PBXFileReference; lastKnownFileType = sourcecode.swift; path = ReactiveProgrammingExamplesApp.swift; sourceTree = "<group>"; };
		3D36114E2A9F3D8300AE864A /* ContentView.swift */ = {isa = PBXFileReference; lastKnownFileType = sourcecode.swift; path = ContentView.swift; sourceTree = "<group>"; };
		3D3611502A9F3D8400AE864A /* Assets.xcassets */ = {isa = PBXFileReference; lastKnownFileType = folder.assetcatalog; path = Assets.xcassets; sourceTree = "<group>"; };
		3D3611532A9F3D8400AE864A /* Preview Assets.xcassets */ = {isa = PBXFileReference; lastKnownFileType = folder.assetcatalog; path = "Preview Assets.xcassets"; sourceTree = "<group>"; };
		3D36115C2A9F3F7B00AE864A /* CombineSingleFieldView.swift */ = {isa = PBXFileReference; lastKnownFileType = sourcecode.swift; path = CombineSingleFieldView.swift; sourceTree = "<group>"; };
		3D36115E2A9F478D00AE864A /* CombineMultipleFieldView.swift */ = {isa = PBXFileReference; lastKnownFileType = sourcecode.swift; path = CombineMultipleFieldView.swift; sourceTree = "<group>"; };
		3D3611602A9F5D5200AE864A /* CombineUserInputView.swift */ = {isa = PBXFileReference; lastKnownFileType = sourcecode.swift; path = CombineUserInputView.swift; sourceTree = "<group>"; };
		3D3611622A9FCD1F00AE864A /* CombineInputValidationView.swift */ = {isa = PBXFileReference; lastKnownFileType = sourcecode.swift; path = CombineInputValidationView.swift; sourceTree = "<group>"; };
/* End PBXFileReference section */

/* Begin PBXFrameworksBuildPhase section */
		3D3611462A9F3D8300AE864A /* Frameworks */ = {
			isa = PBXFrameworksBuildPhase;
			buildActionMask = 2147483647;
			files = (
			);
			runOnlyForDeploymentPostprocessing = 0;
		};
/* End PBXFrameworksBuildPhase section */

/* Begin PBXGroup section */
		3D3611402A9F3D8300AE864A = {
			isa = PBXGroup;
			children = (
				3D36114B2A9F3D8300AE864A /* ReactiveProgrammingExamples */,
				3D36114A2A9F3D8300AE864A /* Products */,
			);
			sourceTree = "<group>";
		};
		3D36114A2A9F3D8300AE864A /* Products */ = {
			isa = PBXGroup;
			children = (
				3D3611492A9F3D8300AE864A /* ReactiveProgrammingExamples.app */,
			);
			name = Products;
			sourceTree = "<group>";
		};
		3D36114B2A9F3D8300AE864A /* ReactiveProgrammingExamples */ = {
			isa = PBXGroup;
			children = (
				3D36114C2A9F3D8300AE864A /* ReactiveProgrammingExamplesApp.swift */,
				3D36114E2A9F3D8300AE864A /* ContentView.swift */,
				3D36115B2A9F3E5300AE864A /* Combine */,
				3D36115A2A9F3E4B00AE864A /* Closures */,
				3D3611502A9F3D8400AE864A /* Assets.xcassets */,
				3D3611522A9F3D8400AE864A /* Preview Content */,
			);
			path = ReactiveProgrammingExamples;
			sourceTree = "<group>";
		};
		3D3611522A9F3D8400AE864A /* Preview Content */ = {
			isa = PBXGroup;
			children = (
				3D3611532A9F3D8400AE864A /* Preview Assets.xcassets */,
			);
			path = "Preview Content";
			sourceTree = "<group>";
		};
		3D36115A2A9F3E4B00AE864A /* Closures */ = {
			isa = PBXGroup;
			children = (
			);
			path = Closures;
			sourceTree = "<group>";
		};
		3D36115B2A9F3E5300AE864A /* Combine */ = {
			isa = PBXGroup;
			children = (
				3D36115C2A9F3F7B00AE864A /* CombineSingleFieldView.swift */,
				3D36115E2A9F478D00AE864A /* CombineMultipleFieldView.swift */,
				3D3611602A9F5D5200AE864A /* CombineUserInputView.swift */,
				3D3611622A9FCD1F00AE864A /* CombineInputValidationView.swift */,
			);
			path = Combine;
			sourceTree = "<group>";
		};
/* End PBXGroup section */

/* Begin PBXNativeTarget section */
		3D3611482A9F3D8300AE864A /* ReactiveProgrammingExamples */ = {
			isa = PBXNativeTarget;
			buildConfigurationList = 3D3611572A9F3D8400AE864A /* Build configuration list for PBXNativeTarget "ReactiveProgrammingExamples" */;
			buildPhases = (
				3D3611452A9F3D8300AE864A /* Sources */,
				3D3611462A9F3D8300AE864A /* Frameworks */,
				3D3611472A9F3D8300AE864A /* Resources */,
			);
			buildRules = (
			);
			dependencies = (
			);
			name = ReactiveProgrammingExamples;
			productName = ReactiveProgrammingExamples;
			productReference = 3D3611492A9F3D8300AE864A /* ReactiveProgrammingExamples.app */;
			productType = "com.apple.product-type.application";
		};
/* End PBXNativeTarget section */

/* Begin PBXProject section */
		3D3611412A9F3D8300AE864A /* Project object */ = {
			isa = PBXProject;
			attributes = {
				BuildIndependentTargetsInParallel = 1;
				LastSwiftUpdateCheck = 1430;
				LastUpgradeCheck = 1430;
				TargetAttributes = {
					3D3611482A9F3D8300AE864A = {
						CreatedOnToolsVersion = 14.3.1;
					};
				};
			};
			buildConfigurationList = 3D3611442A9F3D8300AE864A /* Build configuration list for PBXProject "ReactiveProgrammingExamples" */;
			compatibilityVersion = "Xcode 14.0";
			developmentRegion = en;
			hasScannedForEncodings = 0;
			knownRegions = (
				en,
				Base,
			);
			mainGroup = 3D3611402A9F3D8300AE864A;
			productRefGroup = 3D36114A2A9F3D8300AE864A /* Products */;
			projectDirPath = "";
			projectRoot = "";
			targets = (
				3D3611482A9F3D8300AE864A /* ReactiveProgrammingExamples */,
			);
		};
/* End PBXProject section */

/* Begin PBXResourcesBuildPhase section */
		3D3611472A9F3D8300AE864A /* Resources */ = {
			isa = PBXResourcesBuildPhase;
			buildActionMask = 2147483647;
			files = (
				3D3611542A9F3D8400AE864A /* Preview Assets.xcassets in Resources */,
				3D3611512A9F3D8400AE864A /* Assets.xcassets in Resources */,
			);
			runOnlyForDeploymentPostprocessing = 0;
		};
/* End PBXResourcesBuildPhase section */

/* Begin PBXSourcesBuildPhase section */
		3D3611452A9F3D8300AE864A /* Sources */ = {
			isa = PBXSourcesBuildPhase;
			buildActionMask = 2147483647;
			files = (
				3D3611632A9FCD1F00AE864A /* CombineInputValidationView.swift in Sources */,
				3D36114F2A9F3D8300AE864A /* ContentView.swift in Sources */,
				3D36115F2A9F478D00AE864A /* CombineMultipleFieldView.swift in Sources */,
				3D36114D2A9F3D8300AE864A /* ReactiveProgrammingExamplesApp.swift in Sources */,
				3D3611612A9F5D5200AE864A /* CombineUserInputView.swift in Sources */,
				3D36115D2A9F3F7B00AE864A /* CombineSingleFieldView.swift in Sources */,
			);
			runOnlyForDeploymentPostprocessing = 0;
		};
/* End PBXSourcesBuildPhase section */

/* Begin XCBuildConfiguration section */
		3D3611552A9F3D8400AE864A /* Debug */ = {
			isa = XCBuildConfiguration;
			buildSettings = {
				ALWAYS_SEARCH_USER_PATHS = NO;
				CLANG_ANALYZER_NONNULL = YES;
				CLANG_ANALYZER_NUMBER_OBJECT_CONVERSION = YES_AGGRESSIVE;
				CLANG_CXX_LANGUAGE_STANDARD = "gnu++20";
				CLANG_ENABLE_MODULES = YES;
				CLANG_ENABLE_OBJC_ARC = YES;
				CLANG_ENABLE_OBJC_WEAK = YES;
				CLANG_WARN_BLOCK_CAPTURE_AUTORELEASING = YES;
				CLANG_WARN_BOOL_CONVERSION = YES;
				CLANG_WARN_COMMA = YES;
				CLANG_WARN_CONSTANT_CONVERSION = YES;
				CLANG_WARN_DEPRECATED_OBJC_IMPLEMENTATIONS = YES;
				CLANG_WARN_DIRECT_OBJC_ISA_USAGE = YES_ERROR;
				CLANG_WARN_DOCUMENTATION_COMMENTS = YES;
				CLANG_WARN_EMPTY_BODY = YES;
				CLANG_WARN_ENUM_CONVERSION = YES;
				CLANG_WARN_INFINITE_RECURSION = YES;
				CLANG_WARN_INT_CONVERSION = YES;
				CLANG_WARN_NON_LITERAL_NULL_CONVERSION = YES;
				CLANG_WARN_OBJC_IMPLICIT_RETAIN_SELF = YES;
				CLANG_WARN_OBJC_LITERAL_CONVERSION = YES;
				CLANG_WARN_OBJC_ROOT_CLASS = YES_ERROR;
				CLANG_WARN_QUOTED_INCLUDE_IN_FRAMEWORK_HEADER = YES;
				CLANG_WARN_RANGE_LOOP_ANALYSIS = YES;
				CLANG_WARN_STRICT_PROTOTYPES = YES;
				CLANG_WARN_SUSPICIOUS_MOVE = YES;
				CLANG_WARN_UNGUARDED_AVAILABILITY = YES_AGGRESSIVE;
				CLANG_WARN_UNREACHABLE_CODE = YES;
				CLANG_WARN__DUPLICATE_METHOD_MATCH = YES;
				COPY_PHASE_STRIP = NO;
				DEBUG_INFORMATION_FORMAT = dwarf;
				ENABLE_STRICT_OBJC_MSGSEND = YES;
				ENABLE_TESTABILITY = YES;
				GCC_C_LANGUAGE_STANDARD = gnu11;
				GCC_DYNAMIC_NO_PIC = NO;
				GCC_NO_COMMON_BLOCKS = YES;
				GCC_OPTIMIZATION_LEVEL = 0;
				GCC_PREPROCESSOR_DEFINITIONS = (
					"DEBUG=1",
					"$(inherited)",
				);
				GCC_WARN_64_TO_32_BIT_CONVERSION = YES;
				GCC_WARN_ABOUT_RETURN_TYPE = YES_ERROR;
				GCC_WARN_UNDECLARED_SELECTOR = YES;
				GCC_WARN_UNINITIALIZED_AUTOS = YES_AGGRESSIVE;
				GCC_WARN_UNUSED_FUNCTION = YES;
				GCC_WARN_UNUSED_VARIABLE = YES;
				IPHONEOS_DEPLOYMENT_TARGET = 16.4;
				MTL_ENABLE_DEBUG_INFO = INCLUDE_SOURCE;
				MTL_FAST_MATH = YES;
				ONLY_ACTIVE_ARCH = YES;
				SDKROOT = iphoneos;
				SWIFT_ACTIVE_COMPILATION_CONDITIONS = DEBUG;
				SWIFT_OPTIMIZATION_LEVEL = "-Onone";
			};
			name = Debug;
		};
		3D3611562A9F3D8400AE864A /* Release */ = {
			isa = XCBuildConfiguration;
			buildSettings = {
				ALWAYS_SEARCH_USER_PATHS = NO;
				CLANG_ANALYZER_NONNULL = YES;
				CLANG_ANALYZER_NUMBER_OBJECT_CONVERSION = YES_AGGRESSIVE;
				CLANG_CXX_LANGUAGE_STANDARD = "gnu++20";
				CLANG_ENABLE_MODULES = YES;
				CLANG_ENABLE_OBJC_ARC = YES;
				CLANG_ENABLE_OBJC_WEAK = YES;
				CLANG_WARN_BLOCK_CAPTURE_AUTORELEASING = YES;
				CLANG_WARN_BOOL_CONVERSION = YES;
				CLANG_WARN_COMMA = YES;
				CLANG_WARN_CONSTANT_CONVERSION = YES;
				CLANG_WARN_DEPRECATED_OBJC_IMPLEMENTATIONS = YES;
				CLANG_WARN_DIRECT_OBJC_ISA_USAGE = YES_ERROR;
				CLANG_WARN_DOCUMENTATION_COMMENTS = YES;
				CLANG_WARN_EMPTY_BODY = YES;
				CLANG_WARN_ENUM_CONVERSION = YES;
				CLANG_WARN_INFINITE_RECURSION = YES;
				CLANG_WARN_INT_CONVERSION = YES;
				CLANG_WARN_NON_LITERAL_NULL_CONVERSION = YES;
				CLANG_WARN_OBJC_IMPLICIT_RETAIN_SELF = YES;
				CLANG_WARN_OBJC_LITERAL_CONVERSION = YES;
				CLANG_WARN_OBJC_ROOT_CLASS = YES_ERROR;
				CLANG_WARN_QUOTED_INCLUDE_IN_FRAMEWORK_HEADER = YES;
				CLANG_WARN_RANGE_LOOP_ANALYSIS = YES;
				CLANG_WARN_STRICT_PROTOTYPES = YES;
				CLANG_WARN_SUSPICIOUS_MOVE = YES;
				CLANG_WARN_UNGUARDED_AVAILABILITY = YES_AGGRESSIVE;
				CLANG_WARN_UNREACHABLE_CODE = YES;
				CLANG_WARN__DUPLICATE_METHOD_MATCH = YES;
				COPY_PHASE_STRIP = NO;
				DEBUG_INFORMATION_FORMAT = "dwarf-with-dsym";
				ENABLE_NS_ASSERTIONS = NO;
				ENABLE_STRICT_OBJC_MSGSEND = YES;
				GCC_C_LANGUAGE_STANDARD = gnu11;
				GCC_NO_COMMON_BLOCKS = YES;
				GCC_WARN_64_TO_32_BIT_CONVERSION = YES;
				GCC_WARN_ABOUT_RETURN_TYPE = YES_ERROR;
				GCC_WARN_UNDECLARED_SELECTOR = YES;
				GCC_WARN_UNINITIALIZED_AUTOS = YES_AGGRESSIVE;
				GCC_WARN_UNUSED_FUNCTION = YES;
				GCC_WARN_UNUSED_VARIABLE = YES;
				IPHONEOS_DEPLOYMENT_TARGET = 16.4;
				MTL_ENABLE_DEBUG_INFO = NO;
				MTL_FAST_MATH = YES;
				SDKROOT = iphoneos;
				SWIFT_COMPILATION_MODE = wholemodule;
				SWIFT_OPTIMIZATION_LEVEL = "-O";
				VALIDATE_PRODUCT = YES;
			};
			name = Release;
		};
		3D3611582A9F3D8400AE864A /* Debug */ = {
			isa = XCBuildConfiguration;
			buildSettings = {
				ASSETCATALOG_COMPILER_APPICON_NAME = AppIcon;
				ASSETCATALOG_COMPILER_GLOBAL_ACCENT_COLOR_NAME = AccentColor;
				CODE_SIGN_STYLE = Automatic;
				CURRENT_PROJECT_VERSION = 1;
				DEVELOPMENT_ASSET_PATHS = "\"ReactiveProgrammingExamples/Preview Content\"";
				DEVELOPMENT_TEAM = QM89243HP4;
				ENABLE_PREVIEWS = YES;
				GENERATE_INFOPLIST_FILE = YES;
				INFOPLIST_KEY_UIApplicationSceneManifest_Generation = YES;
				INFOPLIST_KEY_UIApplicationSupportsIndirectInputEvents = YES;
				INFOPLIST_KEY_UILaunchScreen_Generation = YES;
				INFOPLIST_KEY_UISupportedInterfaceOrientations_iPad = "UIInterfaceOrientationPortrait UIInterfaceOrientationPortraitUpsideDown UIInterfaceOrientationLandscapeLeft UIInterfaceOrientationLandscapeRight";
				INFOPLIST_KEY_UISupportedInterfaceOrientations_iPhone = "UIInterfaceOrientationPortrait UIInterfaceOrientationLandscapeLeft UIInterfaceOrientationLandscapeRight";
				LD_RUNPATH_SEARCH_PATHS = (
					"$(inherited)",
					"@executable_path/Frameworks",
				);
				MARKETING_VERSION = 1.0;
				PRODUCT_BUNDLE_IDENTIFIER = "com.creative-coder.ReactiveProgrammingExamples";
				PRODUCT_NAME = "$(TARGET_NAME)";
				SWIFT_EMIT_LOC_STRINGS = YES;
				SWIFT_VERSION = 5.0;
				TARGETED_DEVICE_FAMILY = "1,2";
			};
			name = Debug;
		};
		3D3611592A9F3D8400AE864A /* Release */ = {
			isa = XCBuildConfiguration;
			buildSettings = {
				ASSETCATALOG_COMPILER_APPICON_NAME = AppIcon;
				ASSETCATALOG_COMPILER_GLOBAL_ACCENT_COLOR_NAME = AccentColor;
				CODE_SIGN_STYLE = Automatic;
				CURRENT_PROJECT_VERSION = 1;
				DEVELOPMENT_ASSET_PATHS = "\"ReactiveProgrammingExamples/Preview Content\"";
				DEVELOPMENT_TEAM = QM89243HP4;
				ENABLE_PREVIEWS = YES;
				GENERATE_INFOPLIST_FILE = YES;
				INFOPLIST_KEY_UIApplicationSceneManifest_Generation = YES;
				INFOPLIST_KEY_UIApplicationSupportsIndirectInputEvents = YES;
				INFOPLIST_KEY_UILaunchScreen_Generation = YES;
				INFOPLIST_KEY_UISupportedInterfaceOrientations_iPad = "UIInterfaceOrientationPortrait UIInterfaceOrientationPortraitUpsideDown UIInterfaceOrientationLandscapeLeft UIInterfaceOrientationLandscapeRight";
				INFOPLIST_KEY_UISupportedInterfaceOrientations_iPhone = "UIInterfaceOrientationPortrait UIInterfaceOrientationLandscapeLeft UIInterfaceOrientationLandscapeRight";
				LD_RUNPATH_SEARCH_PATHS = (
					"$(inherited)",
					"@executable_path/Frameworks",
				);
				MARKETING_VERSION = 1.0;
				PRODUCT_BUNDLE_IDENTIFIER = "com.creative-coder.ReactiveProgrammingExamples";
				PRODUCT_NAME = "$(TARGET_NAME)";
				SWIFT_EMIT_LOC_STRINGS = YES;
				SWIFT_VERSION = 5.0;
				TARGETED_DEVICE_FAMILY = "1,2";
			};
			name = Release;
		};
/* End XCBuildConfiguration section */

/* Begin XCConfigurationList section */
		3D3611442A9F3D8300AE864A /* Build configuration list for PBXProject "ReactiveProgrammingExamples" */ = {
			isa = XCConfigurationList;
			buildConfigurations = (
				3D3611552A9F3D8400AE864A /* Debug */,
				3D3611562A9F3D8400AE864A /* Release */,
			);
			defaultConfigurationIsVisible = 0;
			defaultConfigurationName = Release;
		};
		3D3611572A9F3D8400AE864A /* Build configuration list for PBXNativeTarget "ReactiveProgrammingExamples" */ = {
			isa = XCConfigurationList;
			buildConfigurations = (
				3D3611582A9F3D8400AE864A /* Debug */,
				3D3611592A9F3D8400AE864A /* Release */,
			);
			defaultConfigurationIsVisible = 0;
			defaultConfigurationName = Release;
		};
/* End XCConfigurationList section */
	};
	rootObject = 3D3611412A9F3D8300AE864A /* Project object */;
}
